
Microsoft Visual Studio Solution File, Format Version 12.00
# Visual Studio Version 17
VisualStudioVersion = 17.14.36414.22 d17.14
MinimumVisualStudioVersion = 10.0.40219.1
Project("{FAE04EC0-301F-11D3-BF4B-00C04F79EFBC}") = "LibraryManagementSystem", "LibraryManagementSystem\LibraryManagementSystem.csproj", "{10A17184-1DBF-437D-8D79-98E77C570CE7}"
EndProject
Global
	GlobalSection(SolutionConfigurationPlatforms) = preSolution
		Debug|Any CPU = Debug|Any CPU
		Release|Any CPU = Release|Any CPU
	EndGlobalSection
	GlobalSection(ProjectConfigurationPlatforms) = postSolution
		{10A17184-1DBF-437D-8D79-98E77C570CE7}.Debug|Any CPU.ActiveCfg = Debug|Any CPU
		{10A17184-1DBF-437D-8D79-98E77C570CE7}.Debug|Any CPU.Build.0 = Debug|Any CPU
		{10A17184-1DBF-437D-8D79-98E77C570CE7}.Release|Any CPU.ActiveCfg = Release|Any CPU
		{10A17184-1DBF-437D-8D79-98E77C570CE7}.Release|Any CPU.Build.0 = Release|Any CPU
	EndGlobalSection
	GlobalSection(SolutionProperties) = preSolution
		HideSolutionNode = FALSE
	EndGlobalSection
	GlobalSection(ExtensibilityGlobals) = postSolution
		SolutionGuid = {AB8359E1-CC56-4416-9095-8169EAD6A998}
	EndGlobalSection
EndGlobal
